
Microsoft Visual Studio Solution File, Format Version 12.00
# Visual Studio Version 17
VisualStudioVersion = 17.8.34330.188
MinimumVisualStudioVersion = 10.0.40219.1
Project("{FAE04EC0-301F-11D3-BF4B-00C04F79EFBC}") = "LogisticCalcMA", "LogisticCalcMA.csproj", "{FCCDE7DA-80E5-4BC8-90A5-AFFE4D8D27BB}"
EndProject
Global
	GlobalSection(SolutionConfigurationPlatforms) = preSolution
		Debug|Any CPU = Debug|Any CPU
		Release|Any CPU = Release|Any CPU
	EndGlobalSection
	GlobalSection(ProjectConfigurationPlatforms) = postSolution
		{FCCDE7DA-80E5-4BC8-90A5-AFFE4D8D27BB}.Debug|Any CPU.ActiveCfg = Debug|Any CPU
		{FCCDE7DA-80E5-4BC8-90A5-AFFE4D8D27BB}.Debug|Any CPU.Build.0 = Debug|Any CPU
		{FCCDE7DA-80E5-4BC8-90A5-AFFE4D8D27BB}.Debug|Any CPU.Deploy.0 = Debug|Any CPU
		{FCCDE7DA-80E5-4BC8-90A5-AFFE4D8D27BB}.Release|Any CPU.ActiveCfg = Release|Any CPU
		{FCCDE7DA-80E5-4BC8-90A5-AFFE4D8D27BB}.Release|Any CPU.Build.0 = Release|Any CPU
		{FCCDE7DA-80E5-4BC8-90A5-AFFE4D8D27BB}.Release|Any CPU.Deploy.0 = Release|Any CPU
	EndGlobalSection
	GlobalSection(SolutionProperties) = preSolution
		HideSolutionNode = FALSE
	EndGlobalSection
	GlobalSection(ExtensibilityGlobals) = postSolution
		SolutionGuid = {6F09CA44-DA3F-4DB0-8D75-6D4DF4D4E2BF}
	EndGlobalSection
EndGlobal
